
Microsoft Visual Studio Solution File, Format Version 12.00
# Visual Studio Version 17
VisualStudioVersion = 17.4.33213.308
MinimumVisualStudioVersion = 10.0.40219.1
Project("{9A19103F-16F7-4668-BE54-9A1E7A4F7556}") = "TreesChallengeApp", "TreesChallengeApp\TreesChallengeApp.csproj", "{A5617259-EC9F-4258-AD3C-B437E5A1CE2A}"
EndProject
Project("{9A19103F-16F7-4668-BE54-9A1E7A4F7556}") = "TreesChallengeApp.Tests", "TreesChallengeApp.Tests\TreesChallengeApp.Tests.csproj", "{82C1E441-705B-4E41-AB5D-E3FE34B6272A}"
EndProject
Global
	GlobalSection(SolutionConfigurationPlatforms) = preSolution
		Debug|Any CPU = Debug|Any CPU
		Release|Any CPU = Release|Any CPU
	EndGlobalSection
	GlobalSection(ProjectConfigurationPlatforms) = postSolution
		{A5617259-EC9F-4258-AD3C-B437E5A1CE2A}.Debug|Any CPU.ActiveCfg = Debug|Any CPU
		{A5617259-EC9F-4258-AD3C-B437E5A1CE2A}.Debug|Any CPU.Build.0 = Debug|Any CPU
		{A5617259-EC9F-4258-AD3C-B437E5A1CE2A}.Release|Any CPU.ActiveCfg = Release|Any CPU
		{A5617259-EC9F-4258-AD3C-B437E5A1CE2A}.Release|Any CPU.Build.0 = Release|Any CPU
		{82C1E441-705B-4E41-AB5D-E3FE34B6272A}.Debug|Any CPU.ActiveCfg = Debug|Any CPU
		{82C1E441-705B-4E41-AB5D-E3FE34B6272A}.Debug|Any CPU.Build.0 = Debug|Any CPU
		{82C1E441-705B-4E41-AB5D-E3FE34B6272A}.Release|Any CPU.ActiveCfg = Release|Any CPU
		{82C1E441-705B-4E41-AB5D-E3FE34B6272A}.Release|Any CPU.Build.0 = Release|Any CPU
	EndGlobalSection
	GlobalSection(SolutionProperties) = preSolution
		HideSolutionNode = FALSE
	EndGlobalSection
	GlobalSection(ExtensibilityGlobals) = postSolution
		SolutionGuid = {2E25BE5F-2FAE-44D6-9292-37240301EF15}
	EndGlobalSection
EndGlobal
